
Microsoft Visual Studio Solution File, Format Version 12.00
# Visual Studio Version 17
VisualStudioVersion = 17.6.33829.357
MinimumVisualStudioVersion = 10.0.40219.1
Project("{FAE04EC0-301F-11D3-BF4B-00C04F79EFBC}") = "TeamProjectStock", "TeamProjectStock\TeamProjectStock.csproj", "{935325A4-C127-4EE7-8E34-9D7DFC43E2BB}"
EndProject
Global
	GlobalSection(SolutionConfigurationPlatforms) = preSolution
		Debug|Any CPU = Debug|Any CPU
		Release|Any CPU = Release|Any CPU
	EndGlobalSection
	GlobalSection(ProjectConfigurationPlatforms) = postSolution
		{935325A4-C127-4EE7-8E34-9D7DFC43E2BB}.Debug|Any CPU.ActiveCfg = Debug|Any CPU
		{935325A4-C127-4EE7-8E34-9D7DFC43E2BB}.Debug|Any CPU.Build.0 = Debug|Any CPU
		{935325A4-C127-4EE7-8E34-9D7DFC43E2BB}.Release|Any CPU.ActiveCfg = Release|Any CPU
		{935325A4-C127-4EE7-8E34-9D7DFC43E2BB}.Release|Any CPU.Build.0 = Release|Any CPU
	EndGlobalSection
	GlobalSection(SolutionProperties) = preSolution
		HideSolutionNode = FALSE
	EndGlobalSection
	GlobalSection(ExtensibilityGlobals) = postSolution
		SolutionGuid = {543A0292-C02A-4B26-952C-6E3D781EB537}
	EndGlobalSection
EndGlobal
